Microsoft Visual Studio Solution File, Format Version 12.00
# Visual Studio Version 17
VisualStudioVersion = 17.5.2.0
MinimumVisualStudioVersion = 10.0.40219.1
Project("{FAE04EC0-301F-11D3-BF4B-00C04F79EFBC}") = "PracticeCodeChum", "PracticeCodeChum.csproj", "{CC425762-1E20-9DF1-5BB9-3C74354B64D6}"
EndProject
Global
	GlobalSection(SolutionConfigurationPlatforms) = preSolution
		Debug|Any CPU = Debug|Any CPU
		Release|Any CPU = Release|Any CPU
	EndGlobalSection
	GlobalSection(ProjectConfigurationPlatforms) = postSolution
		{CC425762-1E20-9DF1-5BB9-3C74354B64D6}.Debug|Any CPU.ActiveCfg = Debug|Any CPU
		{CC425762-1E20-9DF1-5BB9-3C74354B64D6}.Debug|Any CPU.Build.0 = Debug|Any CPU
		{CC425762-1E20-9DF1-5BB9-3C74354B64D6}.Release|Any CPU.ActiveCfg = Release|Any CPU
		{CC425762-1E20-9DF1-5BB9-3C74354B64D6}.Release|Any CPU.Build.0 = Release|Any CPU
	EndGlobalSection
	GlobalSection(SolutionProperties) = preSolution
		HideSolutionNode = FALSE
	EndGlobalSection
	GlobalSection(ExtensibilityGlobals) = postSolution
		SolutionGuid = {D4588D07-1DB6-4784-AB33-595A6E3BB7DD}
	EndGlobalSection
EndGlobal
